
Microsoft Visual Studio Solution File, Format Version 12.00
# Visual Studio 14
VisualStudioVersion = 14.0.25420.1
MinimumVisualStudioVersion = 10.0.40219.1
Project("{2150E333-8FDC-42A3-9474-1A3956D46DE8}") = "Tenants", "Tenants", "{809D7745-9925-4CF0-8659-9DFAC98FB726}"
EndProject
Project("{2150E333-8FDC-42A3-9474-1A3956D46DE8}") = "ViewModels", "ViewModels", "{2D1B628B-CE24-4637-97E5-ED29B9C64521}"
EndProject
Project("{2150E333-8FDC-42A3-9474-1A3956D46DE8}") = "Tests", "Tests", "{1E087987-4C40-4DD2-8F3C-CDB0498CBA08}"
EndProject
Project("{FAE04EC0-301F-11D3-BF4B-00C04F79EFBC}") = "mPower.Tests", "mPower.Tests\mPower.Tests.csproj", "{A51B79AF-1D29-4D24-A291-D8AAB94D8DBB}"
EndProject
Project("{FAE04EC0-301F-11D3-BF4B-00C04F79EFBC}") = "mPower.Framework", "mPower.Framework\mPower.Framework.csproj", "{3A145847-D3DF-46B9-B9F5-DC0244C24CC1}"
EndProject
Project("{FAE04EC0-301F-11D3-BF4B-00C04F79EFBC}") = "mPower.Documents.Server", "mPower.Documents\mPower.Documents.Server.csproj", "{BFD9845E-DFD0-4E9E-941D-5532751C7153}"
EndProject
Project("{FAE04EC0-301F-11D3-BF4B-00C04F79EFBC}") = "mPower.EventHandlers", "mPower.EventHandlers\mPower.EventHandlers.csproj", "{CD6B321B-5046-4FB0-AA5F-B803FE8E4CC3}"
EndProject
Project("{FAE04EC0-301F-11D3-BF4B-00C04F79EFBC}") = "mPower.Domain", "mPower.Domain\mPower.Domain.csproj", "{CF6CBC87-0BF9-4E69-9937-650A47D54F7B}"
EndProject
Project("{8BB2217D-0F2D-49D1-97BC-3654ED321F3B}") = "mPower.WebNew", "mPower.WebNew\mPower.WebNew.xproj", "{7DE67DF2-5ECC-4404-B8A0-54A537FB4416}"
EndProject
Project("{8BB2217D-0F2D-49D1-97BC-3654ED321F3B}") = "mPower.WebApi", "mPower.WebApi\mPower.WebApi.xproj", "{276F0507-51F8-4D62-8852-8FCEDE5117CD}"
EndProject
Project("{2150E333-8FDC-42A3-9474-1A3956D46DE8}") = "Tools", "Tools", "{39FD3A32-7AA3-4716-B612-ED6B71FC4605}"
EndProject
Project("{FAE04EC0-301F-11D3-BF4B-00C04F79EFBC}") = "mPower.OfferingsSystem", "mPower.OfferingsSystem\mPower.OfferingsSystem.csproj", "{15C74D9A-4FBE-49C2-B989-6F110B77FB0C}"
EndProject
Project("{FAE04EC0-301F-11D3-BF4B-00C04F79EFBC}") = "mPower.Web.Admin", "mPower.Web.Admin\mPower.Web.Admin.csproj", "{FA85048F-3FFD-43C0-BC97-283CC1155B65}"
EndProject
Project("{FAE04EC0-301F-11D3-BF4B-00C04F79EFBC}") = "mPower.Signals", "mPower.Signals\mPower.Signals.csproj", "{84C2D2C0-F082-4458-8B58-A32A5C24BB08}"
EndProject
Project("{FAE04EC0-301F-11D3-BF4B-00C04F79EFBC}") = "Default", "Default\Default.csproj", "{56D1B15D-7D14-48F6-BB2A-2D1D877776FC}"
EndProject
Project("{FAE04EC0-301F-11D3-BF4B-00C04F79EFBC}") = "mPower.Aggregation.Client", "..\tools\mPower.Aggregation\mPower.Aggregation.Client\mPower.Aggregation.Client.csproj", "{1CD8E0E8-67D6-48C7-B136-B4B8F5B307A9}"
EndProject
Project("{FAE04EC0-301F-11D3-BF4B-00C04F79EFBC}") = "mPower.Aggregation.Contract", "..\tools\mPower.Aggregation\mPower.Aggregation.Contract\mPower.Aggregation.Contract.csproj", "{5E839FD9-1DC9-4141-A33F-57FE5E318472}"
EndProject
Project("{FAE04EC0-301F-11D3-BF4B-00C04F79EFBC}") = "Default.ViewModel", "Default.ViewModel\Default.ViewModel.csproj", "{5AFAD0F8-E3BE-4CA3-87D2-8140876481BE}"
EndProject
Project("{FAE04EC0-301F-11D3-BF4B-00C04F79EFBC}") = "mPower.TempDocuments.Server", "mPower.TempDocuments.Server\mPower.TempDocuments.Server.csproj", "{CEAF8300-81FB-4CE2-98C7-4377C72C8A7B}"
EndProject
Global
	GlobalSection(SolutionConfigurationPlatforms) = preSolution
		Debug|Any CPU = Debug|Any CPU
		Debug|Mixed Platforms = Debug|Mixed Platforms
		Debug|x86 = Debug|x86
		Debug-45|Any CPU = Debug-45|Any CPU
		Debug-45|Mixed Platforms = Debug-45|Mixed Platforms
		Debug-45|x86 = Debug-45|x86
		Release|Any CPU = Release|Any CPU
		Release|Mixed Platforms = Release|Mixed Platforms
		Release|x86 = Release|x86
		Release-45|Any CPU = Release-45|Any CPU
		Release-45|Mixed Platforms = Release-45|Mixed Platforms
		Release-45|x86 = Release-45|x86
		Staging|Any CPU = Staging|Any CPU
		Staging|Mixed Platforms = Staging|Mixed Platforms
		Staging|x86 = Staging|x86
	EndGlobalSection
	GlobalSection(ProjectConfigurationPlatforms) = postSolution
		{A51B79AF-1D29-4D24-A291-D8AAB94D8DBB}.Debug|Any CPU.ActiveCfg = Debug|Any CPU
		{A51B79AF-1D29-4D24-A291-D8AAB94D8DBB}.Debug|Any CPU.Build.0 = Debug|Any CPU
		{A51B79AF-1D29-4D24-A291-D8AAB94D8DBB}.Debug|Mixed Platforms.ActiveCfg = Debug|Any CPU
		{A51B79AF-1D29-4D24-A291-D8AAB94D8DBB}.Debug|x86.ActiveCfg = Debug|Any CPU
		{A51B79AF-1D29-4D24-A291-D8AAB94D8DBB}.Debug-45|Any CPU.ActiveCfg = Debug|Any CPU
		{A51B79AF-1D29-4D24-A291-D8AAB94D8DBB}.Debug-45|Any CPU.Build.0 = Debug|Any CPU
		{A51B79AF-1D29-4D24-A291-D8AAB94D8DBB}.Debug-45|Mixed Platforms.ActiveCfg = Debug|Any CPU
		{A51B79AF-1D29-4D24-A291-D8AAB94D8DBB}.Debug-45|Mixed Platforms.Build.0 = Debug|Any CPU
		{A51B79AF-1D29-4D24-A291-D8AAB94D8DBB}.Debug-45|x86.ActiveCfg = Debug|Any CPU
		{A51B79AF-1D29-4D24-A291-D8AAB94D8DBB}.Debug-45|x86.Build.0 = Debug|Any CPU
		{A51B79AF-1D29-4D24-A291-D8AAB94D8DBB}.Release|Any CPU.ActiveCfg = Release|Any CPU
		{A51B79AF-1D29-4D24-A291-D8AAB94D8DBB}.Release|Any CPU.Build.0 = Release|Any CPU
		{A51B79AF-1D29-4D24-A291-D8AAB94D8DBB}.Release|Mixed Platforms.ActiveCfg = Release|Any CPU
		{A51B79AF-1D29-4D24-A291-D8AAB94D8DBB}.Release|Mixed Platforms.Build.0 = Release|Any CPU
		{A51B79AF-1D29-4D24-A291-D8AAB94D8DBB}.Release|x86.ActiveCfg = Release|Any CPU
		{A51B79AF-1D29-4D24-A291-D8AAB94D8DBB}.Release-45|Any CPU.ActiveCfg = Release|Any CPU
		{A51B79AF-1D29-4D24-A291-D8AAB94D8DBB}.Release-45|Any CPU.Build.0 = Release|Any CPU
		{A51B79AF-1D29-4D24-A291-D8AAB94D8DBB}.Release-45|Mixed Platforms.ActiveCfg = Release|Any CPU
		{A51B79AF-1D29-4D24-A291-D8AAB94D8DBB}.Release-45|Mixed Platforms.Build.0 = Release|Any CPU
		{A51B79AF-1D29-4D24-A291-D8AAB94D8DBB}.Release-45|x86.ActiveCfg = Release|Any CPU
		{A51B79AF-1D29-4D24-A291-D8AAB94D8DBB}.Release-45|x86.Build.0 = Release|Any CPU
		{A51B79AF-1D29-4D24-A291-D8AAB94D8DBB}.Staging|Any CPU.ActiveCfg = Release|Any CPU
		{A51B79AF-1D29-4D24-A291-D8AAB94D8DBB}.Staging|Any CPU.Build.0 = Release|Any CPU
		{A51B79AF-1D29-4D24-A291-D8AAB94D8DBB}.Staging|Mixed Platforms.ActiveCfg = Release|Any CPU
		{A51B79AF-1D29-4D24-A291-D8AAB94D8DBB}.Staging|Mixed Platforms.Build.0 = Release|Any CPU
		{A51B79AF-1D29-4D24-A291-D8AAB94D8DBB}.Staging|x86.ActiveCfg = Release|Any CPU
		{3A145847-D3DF-46B9-B9F5-DC0244C24CC1}.Debug|Any CPU.ActiveCfg = Debug|Any CPU
		{3A145847-D3DF-46B9-B9F5-DC0244C24CC1}.Debug|Any CPU.Build.0 = Debug|Any CPU
		{3A145847-D3DF-46B9-B9F5-DC0244C24CC1}.Debug|Mixed Platforms.ActiveCfg = Debug|Any CPU
		{3A145847-D3DF-46B9-B9F5-DC0244C24CC1}.Debug|Mixed Platforms.Build.0 = Debug|Any CPU
		{3A145847-D3DF-46B9-B9F5-DC0244C24CC1}.Debug|x86.ActiveCfg = Debug|Any CPU
		{3A145847-D3DF-46B9-B9F5-DC0244C24CC1}.Debug-45|Any CPU.ActiveCfg = Debug|Any CPU
		{3A145847-D3DF-46B9-B9F5-DC0244C24CC1}.Debug-45|Any CPU.Build.0 = Debug|Any CPU
		{3A145847-D3DF-46B9-B9F5-DC0244C24CC1}.Debug-45|Mixed Platforms.ActiveCfg = Debug|Any CPU
		{3A145847-D3DF-46B9-B9F5-DC0244C24CC1}.Debug-45|Mixed Platforms.Build.0 = Debug|Any CPU
		{3A145847-D3DF-46B9-B9F5-DC0244C24CC1}.Debug-45|x86.ActiveCfg = Debug|Any CPU
		{3A145847-D3DF-46B9-B9F5-DC0244C24CC1}.Debug-45|x86.Build.0 = Debug|Any CPU
		{3A145847-D3DF-46B9-B9F5-DC0244C24CC1}.Release|Any CPU.ActiveCfg = Release|Any CPU
		{3A145847-D3DF-46B9-B9F5-DC0244C24CC1}.Release|Any CPU.Build.0 = Release|Any CPU
		{3A145847-D3DF-46B9-B9F5-DC0244C24CC1}.Release|Mixed Platforms.ActiveCfg = Release|Any CPU
		{3A145847-D3DF-46B9-B9F5-DC0244C24CC1}.Release|Mixed Platforms.Build.0 = Release|Any CPU
		{3A145847-D3DF-46B9-B9F5-DC0244C24CC1}.Release|x86.ActiveCfg = Release|Any CPU
		{3A145847-D3DF-46B9-B9F5-DC0244C24CC1}.Release-45|Any CPU.ActiveCfg = Release|Any CPU
		{3A145847-D3DF-46B9-B9F5-DC0244C24CC1}.Release-45|Any CPU.Build.0 = Release|Any CPU
		{3A145847-D3DF-46B9-B9F5-DC0244C24CC1}.Release-45|Mixed Platforms.ActiveCfg = Release|Any CPU
		{3A145847-D3DF-46B9-B9F5-DC0244C24CC1}.Release-45|Mixed Platforms.Build.0 = Release|Any CPU
		{3A145847-D3DF-46B9-B9F5-DC0244C24CC1}.Release-45|x86.ActiveCfg = Release|Any CPU
		{3A145847-D3DF-46B9-B9F5-DC0244C24CC1}.Release-45|x86.Build.0 = Release|Any CPU
		{3A145847-D3DF-46B9-B9F5-DC0244C24CC1}.Staging|Any CPU.ActiveCfg = Release|Any CPU
		{3A145847-D3DF-46B9-B9F5-DC0244C24CC1}.Staging|Any CPU.Build.0 = Release|Any CPU
		{3A145847-D3DF-46B9-B9F5-DC0244C24CC1}.Staging|Mixed Platforms.ActiveCfg = Release|Any CPU
		{3A145847-D3DF-46B9-B9F5-DC0244C24CC1}.Staging|Mixed Platforms.Build.0 = Release|Any CPU
		{3A145847-D3DF-46B9-B9F5-DC0244C24CC1}.Staging|x86.ActiveCfg = Release|Any CPU
		{BFD9845E-DFD0-4E9E-941D-5532751C7153}.Debug|Any CPU.ActiveCfg = Debug|Any CPU
		{BFD9845E-DFD0-4E9E-941D-5532751C7153}.Debug|Any CPU.Build.0 = Debug|Any CPU
		{BFD9845E-DFD0-4E9E-941D-5532751C7153}.Debug|Mixed Platforms.ActiveCfg = Debug|Any CPU
		{BFD9845E-DFD0-4E9E-941D-5532751C7153}.Debug|Mixed Platforms.Build.0 = Debug|Any CPU
		{BFD9845E-DFD0-4E9E-941D-5532751C7153}.Debug|x86.ActiveCfg = Debug|Any CPU
		{BFD9845E-DFD0-4E9E-941D-5532751C7153}.Debug-45|Any CPU.ActiveCfg = Debug|Any CPU
		{BFD9845E-DFD0-4E9E-941D-5532751C7153}.Debug-45|Any CPU.Build.0 = Debug|Any CPU
		{BFD9845E-DFD0-4E9E-941D-5532751C7153}.Debug-45|Mixed Platforms.ActiveCfg = Debug|Any CPU
		{BFD9845E-DFD0-4E9E-941D-5532751C7153}.Debug-45|Mixed Platforms.Build.0 = Debug|Any CPU
		{BFD9845E-DFD0-4E9E-941D-5532751C7153}.Debug-45|x86.ActiveCfg = Debug|Any CPU
		{BFD9845E-DFD0-4E9E-941D-5532751C7153}.Debug-45|x86.Build.0 = Debug|Any CPU
		{BFD9845E-DFD0-4E9E-941D-5532751C7153}.Release|Any CPU.ActiveCfg = Release|Any CPU
		{BFD9845E-DFD0-4E9E-941D-5532751C7153}.Release|Any CPU.Build.0 = Release|Any CPU
		{BFD9845E-DFD0-4E9E-941D-5532751C7153}.Release|Mixed Platforms.ActiveCfg = Release|Any CPU
		{BFD9845E-DFD0-4E9E-941D-5532751C7153}.Release|Mixed Platforms.Build.0 = Release|Any CPU
		{BFD9845E-DFD0-4E9E-941D-5532751C7153}.Release|x86.ActiveCfg = Release|Any CPU
		{BFD9845E-DFD0-4E9E-941D-5532751C7153}.Release-45|Any CPU.ActiveCfg = Release|Any CPU
		{BFD9845E-DFD0-4E9E-941D-5532751C7153}.Release-45|Any CPU.Build.0 = Release|Any CPU
		{BFD9845E-DFD0-4E9E-941D-5532751C7153}.Release-45|Mixed Platforms.ActiveCfg = Release|Any CPU
		{BFD9845E-DFD0-4E9E-941D-5532751C7153}.Release-45|Mixed Platforms.Build.0 = Release|Any CPU
		{BFD9845E-DFD0-4E9E-941D-5532751C7153}.Release-45|x86.ActiveCfg = Release|Any CPU
		{BFD9845E-DFD0-4E9E-941D-5532751C7153}.Release-45|x86.Build.0 = Release|Any CPU
		{BFD9845E-DFD0-4E9E-941D-5532751C7153}.Staging|Any CPU.ActiveCfg = Release|Any CPU
		{BFD9845E-DFD0-4E9E-941D-5532751C7153}.Staging|Any CPU.Build.0 = Release|Any CPU
		{BFD9845E-DFD0-4E9E-941D-5532751C7153}.Staging|Mixed Platforms.ActiveCfg = Release|Any CPU
		{BFD9845E-DFD0-4E9E-941D-5532751C7153}.Staging|Mixed Platforms.Build.0 = Release|Any CPU
		{BFD9845E-DFD0-4E9E-941D-5532751C7153}.Staging|x86.ActiveCfg = Release|Any CPU
		{CD6B321B-5046-4FB0-AA5F-B803FE8E4CC3}.Debug|Any CPU.ActiveCfg = Debug|Any CPU
		{CD6B321B-5046-4FB0-AA5F-B803FE8E4CC3}.Debug|Any CPU.Build.0 = Debug|Any CPU
		{CD6B321B-5046-4FB0-AA5F-B803FE8E4CC3}.Debug|Mixed Platforms.ActiveCfg = Debug|Any CPU
		{CD6B321B-5046-4FB0-AA5F-B803FE8E4CC3}.Debug|Mixed Platforms.Build.0 = Debug|Any CPU
		{CD6B321B-5046-4FB0-AA5F-B803FE8E4CC3}.Debug|x86.ActiveCfg = Debug|Any CPU
		{CD6B321B-5046-4FB0-AA5F-B803FE8E4CC3}.Debug-45|Any CPU.ActiveCfg = Debug|Any CPU
		{CD6B321B-5046-4FB0-AA5F-B803FE8E4CC3}.Debug-45|Any CPU.Build.0 = Debug|Any CPU
		{CD6B321B-5046-4FB0-AA5F-B803FE8E4CC3}.Debug-45|Mixed Platforms.ActiveCfg = Debug|Any CPU
		{CD6B321B-5046-4FB0-AA5F-B803FE8E4CC3}.Debug-45|Mixed Platforms.Build.0 = Debug|Any CPU
		{CD6B321B-5046-4FB0-AA5F-B803FE8E4CC3}.Debug-45|x86.ActiveCfg = Debug|Any CPU
		{CD6B321B-5046-4FB0-AA5F-B803FE8E4CC3}.Debug-45|x86.Build.0 = Debug|Any CPU
		{CD6B321B-5046-4FB0-AA5F-B803FE8E4CC3}.Release|Any CPU.ActiveCfg = Release|Any CPU
		{CD6B321B-5046-4FB0-AA5F-B803FE8E4CC3}.Release|Any CPU.Build.0 = Release|Any CPU
		{CD6B321B-5046-4FB0-AA5F-B803FE8E4CC3}.Release|Mixed Platforms.ActiveCfg = Release|Any CPU
		{CD6B321B-5046-4FB0-AA5F-B803FE8E4CC3}.Release|Mixed Platforms.Build.0 = Release|Any CPU
		{CD6B321B-5046-4FB0-AA5F-B803FE8E4CC3}.Release|x86.ActiveCfg = Release|Any CPU
		{CD6B321B-5046-4FB0-AA5F-B803FE8E4CC3}.Release-45|Any CPU.ActiveCfg = Release|Any CPU
		{CD6B321B-5046-4FB0-AA5F-B803FE8E4CC3}.Release-45|Any CPU.Build.0 = Release|Any CPU
		{CD6B321B-5046-4FB0-AA5F-B803FE8E4CC3}.Release-45|Mixed Platforms.ActiveCfg = Release|Any CPU
		{CD6B321B-5046-4FB0-AA5F-B803FE8E4CC3}.Release-45|Mixed Platforms.Build.0 = Release|Any CPU
		{CD6B321B-5046-4FB0-AA5F-B803FE8E4CC3}.Release-45|x86.ActiveCfg = Release|Any CPU
		{CD6B321B-5046-4FB0-AA5F-B803FE8E4CC3}.Release-45|x86.Build.0 = Release|Any CPU
		{CD6B321B-5046-4FB0-AA5F-B803FE8E4CC3}.Staging|Any CPU.ActiveCfg = Release|Any CPU
		{CD6B321B-5046-4FB0-AA5F-B803FE8E4CC3}.Staging|Any CPU.Build.0 = Release|Any CPU
		{CD6B321B-5046-4FB0-AA5F-B803FE8E4CC3}.Staging|Mixed Platforms.ActiveCfg = Release|Any CPU
		{CD6B321B-5046-4FB0-AA5F-B803FE8E4CC3}.Staging|Mixed Platforms.Build.0 = Release|Any CPU
		{CD6B321B-5046-4FB0-AA5F-B803FE8E4CC3}.Staging|x86.ActiveCfg = Release|Any CPU
		{CF6CBC87-0BF9-4E69-9937-650A47D54F7B}.Debug|Any CPU.ActiveCfg = Debug|Any CPU
		{CF6CBC87-0BF9-4E69-9937-650A47D54F7B}.Debug|Any CPU.Build.0 = Debug|Any CPU
		{CF6CBC87-0BF9-4E69-9937-650A47D54F7B}.Debug|Mixed Platforms.ActiveCfg = Debug|Any CPU
		{CF6CBC87-0BF9-4E69-9937-650A47D54F7B}.Debug|Mixed Platforms.Build.0 = Debug|Any CPU
		{CF6CBC87-0BF9-4E69-9937-650A47D54F7B}.Debug|x86.ActiveCfg = Debug|Any CPU
		{CF6CBC87-0BF9-4E69-9937-650A47D54F7B}.Debug-45|Any CPU.ActiveCfg = Debug|Any CPU
		{CF6CBC87-0BF9-4E69-9937-650A47D54F7B}.Debug-45|Any CPU.Build.0 = Debug|Any CPU
		{CF6CBC87-0BF9-4E69-9937-650A47D54F7B}.Debug-45|Mixed Platforms.ActiveCfg = Debug|Any CPU
		{CF6CBC87-0BF9-4E69-9937-650A47D54F7B}.Debug-45|Mixed Platforms.Build.0 = Debug|Any CPU
		{CF6CBC87-0BF9-4E69-9937-650A47D54F7B}.Debug-45|x86.ActiveCfg = Debug|Any CPU
		{CF6CBC87-0BF9-4E69-9937-650A47D54F7B}.Debug-45|x86.Build.0 = Debug|Any CPU
		{CF6CBC87-0BF9-4E69-9937-650A47D54F7B}.Release|Any CPU.ActiveCfg = Release|Any CPU
		{CF6CBC87-0BF9-4E69-9937-650A47D54F7B}.Release|Any CPU.Build.0 = Release|Any CPU
		{CF6CBC87-0BF9-4E69-9937-650A47D54F7B}.Release|Mixed Platforms.ActiveCfg = Release|Any CPU
		{CF6CBC87-0BF9-4E69-9937-650A47D54F7B}.Release|Mixed Platforms.Build.0 = Release|Any CPU
		{CF6CBC87-0BF9-4E69-9937-650A47D54F7B}.Release|x86.ActiveCfg = Release|Any CPU
		{CF6CBC87-0BF9-4E69-9937-650A47D54F7B}.Release-45|Any CPU.ActiveCfg = Release|Any CPU
		{CF6CBC87-0BF9-4E69-9937-650A47D54F7B}.Release-45|Any CPU.Build.0 = Release|Any CPU
		{CF6CBC87-0BF9-4E69-9937-650A47D54F7B}.Release-45|Mixed Platforms.ActiveCfg = Release|Any CPU
		{CF6CBC87-0BF9-4E69-9937-650A47D54F7B}.Release-45|Mixed Platforms.Build.0 = Release|Any CPU
		{CF6CBC87-0BF9-4E69-9937-650A47D54F7B}.Release-45|x86.ActiveCfg = Release|Any CPU
		{CF6CBC87-0BF9-4E69-9937-650A47D54F7B}.Release-45|x86.Build.0 = Release|Any CPU
		{CF6CBC87-0BF9-4E69-9937-650A47D54F7B}.Staging|Any CPU.ActiveCfg = Release|Any CPU
		{CF6CBC87-0BF9-4E69-9937-650A47D54F7B}.Staging|Any CPU.Build.0 = Release|Any CPU
		{CF6CBC87-0BF9-4E69-9937-650A47D54F7B}.Staging|Mixed Platforms.ActiveCfg = Release|Any CPU
		{CF6CBC87-0BF9-4E69-9937-650A47D54F7B}.Staging|Mixed Platforms.Build.0 = Release|Any CPU
		{CF6CBC87-0BF9-4E69-9937-650A47D54F7B}.Staging|x86.ActiveCfg = Release|Any CPU
		{7DE67DF2-5ECC-4404-B8A0-54A537FB4416}.Debug|Any CPU.ActiveCfg = Debug|Any CPU
		{7DE67DF2-5ECC-4404-B8A0-54A537FB4416}.Debug|Any CPU.Build.0 = Debug|Any CPU
		{7DE67DF2-5ECC-4404-B8A0-54A537FB4416}.Debug|Mixed Platforms.ActiveCfg = Debug|Any CPU
		{7DE67DF2-5ECC-4404-B8A0-54A537FB4416}.Debug|Mixed Platforms.Build.0 = Debug|Any CPU
		{7DE67DF2-5ECC-4404-B8A0-54A537FB4416}.Debug|x86.ActiveCfg = Debug|Any CPU
		{7DE67DF2-5ECC-4404-B8A0-54A537FB4416}.Debug|x86.Build.0 = Debug|Any CPU
		{7DE67DF2-5ECC-4404-B8A0-54A537FB4416}.Debug-45|Any CPU.ActiveCfg = Debug|Any CPU
		{7DE67DF2-5ECC-4404-B8A0-54A537FB4416}.Debug-45|Any CPU.Build.0 = Debug|Any CPU
		{7DE67DF2-5ECC-4404-B8A0-54A537FB4416}.Debug-45|Mixed Platforms.ActiveCfg = Debug|Any CPU
		{7DE67DF2-5ECC-4404-B8A0-54A537FB4416}.Debug-45|Mixed Platforms.Build.0 = Debug|Any CPU
		{7DE67DF2-5ECC-4404-B8A0-54A537FB4416}.Debug-45|x86.ActiveCfg = Debug|Any CPU
		{7DE67DF2-5ECC-4404-B8A0-54A537FB4416}.Debug-45|x86.Build.0 = Debug|Any CPU
		{7DE67DF2-5ECC-4404-B8A0-54A537FB4416}.Release|Any CPU.ActiveCfg = Release|Any CPU
		{7DE67DF2-5ECC-4404-B8A0-54A537FB4416}.Release|Any CPU.Build.0 = Release|Any CPU
		{7DE67DF2-5ECC-4404-B8A0-54A537FB4416}.Release|Mixed Platforms.ActiveCfg = Release|Any CPU
		{7DE67DF2-5ECC-4404-B8A0-54A537FB4416}.Release|Mixed Platforms.Build.0 = Release|Any CPU
		{7DE67DF2-5ECC-4404-B8A0-54A537FB4416}.Release|x86.ActiveCfg = Release|Any CPU
		{7DE67DF2-5ECC-4404-B8A0-54A537FB4416}.Release|x86.Build.0 = Release|Any CPU
		{7DE67DF2-5ECC-4404-B8A0-54A537FB4416}.Release-45|Any CPU.ActiveCfg = Release|Any CPU
		{7DE67DF2-5ECC-4404-B8A0-54A537FB4416}.Release-45|Any CPU.Build.0 = Release|Any CPU
		{7DE67DF2-5ECC-4404-B8A0-54A537FB4416}.Release-45|Mixed Platforms.ActiveCfg = Release|Any CPU
		{7DE67DF2-5ECC-4404-B8A0-54A537FB4416}.Release-45|Mixed Platforms.Build.0 = Release|Any CPU
		{7DE67DF2-5ECC-4404-B8A0-54A537FB4416}.Release-45|x86.ActiveCfg = Release|Any CPU
		{7DE67DF2-5ECC-4404-B8A0-54A537FB4416}.Release-45|x86.Build.0 = Release|Any CPU
		{7DE67DF2-5ECC-4404-B8A0-54A537FB4416}.Staging|Any CPU.ActiveCfg = Debug|Any CPU
		{7DE67DF2-5ECC-4404-B8A0-54A537FB4416}.Staging|Any CPU.Build.0 = Debug|Any CPU
		{7DE67DF2-5ECC-4404-B8A0-54A537FB4416}.Staging|Mixed Platforms.ActiveCfg = Debug|Any CPU
		{7DE67DF2-5ECC-4404-B8A0-54A537FB4416}.Staging|Mixed Platforms.Build.0 = Debug|Any CPU
		{7DE67DF2-5ECC-4404-B8A0-54A537FB4416}.Staging|x86.ActiveCfg = Debug|Any CPU
		{7DE67DF2-5ECC-4404-B8A0-54A537FB4416}.Staging|x86.Build.0 = Debug|Any CPU
		{276F0507-51F8-4D62-8852-8FCEDE5117CD}.Debug|Any CPU.ActiveCfg = Debug|Any CPU
		{276F0507-51F8-4D62-8852-8FCEDE5117CD}.Debug|Any CPU.Build.0 = Debug|Any CPU
		{276F0507-51F8-4D62-8852-8FCEDE5117CD}.Debug|Mixed Platforms.ActiveCfg = Debug|Any CPU
		{276F0507-51F8-4D62-8852-8FCEDE5117CD}.Debug|Mixed Platforms.Build.0 = Debug|Any CPU
		{276F0507-51F8-4D62-8852-8FCEDE5117CD}.Debug|x86.ActiveCfg = Debug|Any CPU
		{276F0507-51F8-4D62-8852-8FCEDE5117CD}.Debug|x86.Build.0 = Debug|Any CPU
		{276F0507-51F8-4D62-8852-8FCEDE5117CD}.Debug-45|Any CPU.ActiveCfg = Debug|Any CPU
		{276F0507-51F8-4D62-8852-8FCEDE5117CD}.Debug-45|Any CPU.Build.0 = Debug|Any CPU
		{276F0507-51F8-4D62-8852-8FCEDE5117CD}.Debug-45|Mixed Platforms.ActiveCfg = Debug|Any CPU
		{276F0507-51F8-4D62-8852-8FCEDE5117CD}.Debug-45|Mixed Platforms.Build.0 = Debug|Any CPU
		{276F0507-51F8-4D62-8852-8FCEDE5117CD}.Debug-45|x86.ActiveCfg = Debug|Any CPU
		{276F0507-51F8-4D62-8852-8FCEDE5117CD}.Debug-45|x86.Build.0 = Debug|Any CPU
		{276F0507-51F8-4D62-8852-8FCEDE5117CD}.Release|Any CPU.ActiveCfg = Release|Any CPU
		{276F0507-51F8-4D62-8852-8FCEDE5117CD}.Release|Any CPU.Build.0 = Release|Any CPU
		{276F0507-51F8-4D62-8852-8FCEDE5117CD}.Release|Mixed Platforms.ActiveCfg = Release|Any CPU
		{276F0507-51F8-4D62-8852-8FCEDE5117CD}.Release|Mixed Platforms.Build.0 = Release|Any CPU
		{276F0507-51F8-4D62-8852-8FCEDE5117CD}.Release|x86.ActiveCfg = Release|Any CPU
		{276F0507-51F8-4D62-8852-8FCEDE5117CD}.Release|x86.Build.0 = Release|Any CPU
		{276F0507-51F8-4D62-8852-8FCEDE5117CD}.Release-45|Any CPU.ActiveCfg = Release|Any CPU
		{276F0507-51F8-4D62-8852-8FCEDE5117CD}.Release-45|Any CPU.Build.0 = Release|Any CPU
		{276F0507-51F8-4D62-8852-8FCEDE5117CD}.Release-45|Mixed Platforms.ActiveCfg = Release|Any CPU
		{276F0507-51F8-4D62-8852-8FCEDE5117CD}.Release-45|Mixed Platforms.Build.0 = Release|Any CPU
		{276F0507-51F8-4D62-8852-8FCEDE5117CD}.Release-45|x86.ActiveCfg = Release|Any CPU
		{276F0507-51F8-4D62-8852-8FCEDE5117CD}.Release-45|x86.Build.0 = Release|Any CPU
		{276F0507-51F8-4D62-8852-8FCEDE5117CD}.Staging|Any CPU.ActiveCfg = Debug|Any CPU
		{276F0507-51F8-4D62-8852-8FCEDE5117CD}.Staging|Any CPU.Build.0 = Debug|Any CPU
		{276F0507-51F8-4D62-8852-8FCEDE5117CD}.Staging|Mixed Platforms.ActiveCfg = Debug|Any CPU
		{276F0507-51F8-4D62-8852-8FCEDE5117CD}.Staging|Mixed Platforms.Build.0 = Debug|Any CPU
		{276F0507-51F8-4D62-8852-8FCEDE5117CD}.Staging|x86.ActiveCfg = Debug|Any CPU
		{276F0507-51F8-4D62-8852-8FCEDE5117CD}.Staging|x86.Build.0 = Debug|Any CPU
		{15C74D9A-4FBE-49C2-B989-6F110B77FB0C}.Debug|Any CPU.ActiveCfg = Debug|Any CPU
		{15C74D9A-4FBE-49C2-B989-6F110B77FB0C}.Debug|Any CPU.Build.0 = Debug|Any CPU
		{15C74D9A-4FBE-49C2-B989-6F110B77FB0C}.Debug|Mixed Platforms.ActiveCfg = Debug|Any CPU
		{15C74D9A-4FBE-49C2-B989-6F110B77FB0C}.Debug|Mixed Platforms.Build.0 = Debug|Any CPU
		{15C74D9A-4FBE-49C2-B989-6F110B77FB0C}.Debug|x86.ActiveCfg = Debug|Any CPU
		{15C74D9A-4FBE-49C2-B989-6F110B77FB0C}.Debug|x86.Build.0 = Debug|Any CPU
		{15C74D9A-4FBE-49C2-B989-6F110B77FB0C}.Debug-45|Any CPU.ActiveCfg = Debug|Any CPU
		{15C74D9A-4FBE-49C2-B989-6F110B77FB0C}.Debug-45|Any CPU.Build.0 = Debug|Any CPU
		{15C74D9A-4FBE-49C2-B989-6F110B77FB0C}.Debug-45|Mixed Platforms.ActiveCfg = Debug|Any CPU
		{15C74D9A-4FBE-49C2-B989-6F110B77FB0C}.Debug-45|Mixed Platforms.Build.0 = Debug|Any CPU
		{15C74D9A-4FBE-49C2-B989-6F110B77FB0C}.Debug-45|x86.ActiveCfg = Debug|Any CPU
		{15C74D9A-4FBE-49C2-B989-6F110B77FB0C}.Debug-45|x86.Build.0 = Debug|Any CPU
		{15C74D9A-4FBE-49C2-B989-6F110B77FB0C}.Release|Any CPU.ActiveCfg = Release|Any CPU
		{15C74D9A-4FBE-49C2-B989-6F110B77FB0C}.Release|Any CPU.Build.0 = Release|Any CPU
		{15C74D9A-4FBE-49C2-B989-6F110B77FB0C}.Release|Mixed Platforms.ActiveCfg = Release|Any CPU
		{15C74D9A-4FBE-49C2-B989-6F110B77FB0C}.Release|Mixed Platforms.Build.0 = Release|Any CPU
		{15C74D9A-4FBE-49C2-B989-6F110B77FB0C}.Release|x86.ActiveCfg = Release|Any CPU
		{15C74D9A-4FBE-49C2-B989-6F110B77FB0C}.Release|x86.Build.0 = Release|Any CPU
		{15C74D9A-4FBE-49C2-B989-6F110B77FB0C}.Release-45|Any CPU.ActiveCfg = Release|Any CPU
		{15C74D9A-4FBE-49C2-B989-6F110B77FB0C}.Release-45|Any CPU.Build.0 = Release|Any CPU
		{15C74D9A-4FBE-49C2-B989-6F110B77FB0C}.Release-45|Mixed Platforms.ActiveCfg = Release|Any CPU
		{15C74D9A-4FBE-49C2-B989-6F110B77FB0C}.Release-45|Mixed Platforms.Build.0 = Release|Any CPU
		{15C74D9A-4FBE-49C2-B989-6F110B77FB0C}.Release-45|x86.ActiveCfg = Release|Any CPU
		{15C74D9A-4FBE-49C2-B989-6F110B77FB0C}.Release-45|x86.Build.0 = Release|Any CPU
		{15C74D9A-4FBE-49C2-B989-6F110B77FB0C}.Staging|Any CPU.ActiveCfg = Release|Any CPU
		{15C74D9A-4FBE-49C2-B989-6F110B77FB0C}.Staging|Any CPU.Build.0 = Release|Any CPU
		{15C74D9A-4FBE-49C2-B989-6F110B77FB0C}.Staging|Mixed Platforms.ActiveCfg = Release|Any CPU
		{15C74D9A-4FBE-49C2-B989-6F110B77FB0C}.Staging|Mixed Platforms.Build.0 = Release|Any CPU
		{15C74D9A-4FBE-49C2-B989-6F110B77FB0C}.Staging|x86.ActiveCfg = Release|Any CPU
		{15C74D9A-4FBE-49C2-B989-6F110B77FB0C}.Staging|x86.Build.0 = Release|Any CPU
		{FA85048F-3FFD-43C0-BC97-283CC1155B65}.Debug|Any CPU.ActiveCfg = Debug|Any CPU
		{FA85048F-3FFD-43C0-BC97-283CC1155B65}.Debug|Any CPU.Build.0 = Debug|Any CPU
		{FA85048F-3FFD-43C0-BC97-283CC1155B65}.Debug|Mixed Platforms.ActiveCfg = Debug|Any CPU
		{FA85048F-3FFD-43C0-BC97-283CC1155B65}.Debug|Mixed Platforms.Build.0 = Debug|Any CPU
		{FA85048F-3FFD-43C0-BC97-283CC1155B65}.Debug|x86.ActiveCfg = Debug|x86
		{FA85048F-3FFD-43C0-BC97-283CC1155B65}.Debug|x86.Build.0 = Debug|x86
		{FA85048F-3FFD-43C0-BC97-283CC1155B65}.Debug-45|Any CPU.ActiveCfg = Debug|Any CPU
		{FA85048F-3FFD-43C0-BC97-283CC1155B65}.Debug-45|Mixed Platforms.ActiveCfg = Debug|x86
		{FA85048F-3FFD-43C0-BC97-283CC1155B65}.Debug-45|x86.ActiveCfg = Debug|x86
		{FA85048F-3FFD-43C0-BC97-283CC1155B65}.Release|Any CPU.ActiveCfg = Release|Any CPU
		{FA85048F-3FFD-43C0-BC97-283CC1155B65}.Release|Any CPU.Build.0 = Release|Any CPU
		{FA85048F-3FFD-43C0-BC97-283CC1155B65}.Release|Mixed Platforms.ActiveCfg = Release|x86
		{FA85048F-3FFD-43C0-BC97-283CC1155B65}.Release|Mixed Platforms.Build.0 = Release|x86
		{FA85048F-3FFD-43C0-BC97-283CC1155B65}.Release|x86.ActiveCfg = Release|x86
		{FA85048F-3FFD-43C0-BC97-283CC1155B65}.Release|x86.Build.0 = Release|x86
		{FA85048F-3FFD-43C0-BC97-283CC1155B65}.Release-45|Any CPU.ActiveCfg = Release|Any CPU
		{FA85048F-3FFD-43C0-BC97-283CC1155B65}.Release-45|Mixed Platforms.ActiveCfg = Release|x86
		{FA85048F-3FFD-43C0-BC97-283CC1155B65}.Release-45|x86.ActiveCfg = Release|x86
		{FA85048F-3FFD-43C0-BC97-283CC1155B65}.Staging|Any CPU.ActiveCfg = Release|Any CPU
		{FA85048F-3FFD-43C0-BC97-283CC1155B65}.Staging|Any CPU.Build.0 = Release|Any CPU
		{FA85048F-3FFD-43C0-BC97-283CC1155B65}.Staging|Mixed Platforms.ActiveCfg = Release|x86
		{FA85048F-3FFD-43C0-BC97-283CC1155B65}.Staging|Mixed Platforms.Build.0 = Release|x86
		{FA85048F-3FFD-43C0-BC97-283CC1155B65}.Staging|x86.ActiveCfg = Release|x86
		{FA85048F-3FFD-43C0-BC97-283CC1155B65}.Staging|x86.Build.0 = Release|x86
		{84C2D2C0-F082-4458-8B58-A32A5C24BB08}.Debug|Any CPU.ActiveCfg = Debug|Any CPU
		{84C2D2C0-F082-4458-8B58-A32A5C24BB08}.Debug|Any CPU.Build.0 = Debug|Any CPU
		{84C2D2C0-F082-4458-8B58-A32A5C24BB08}.Debug|Mixed Platforms.ActiveCfg = Debug|Any CPU
		{84C2D2C0-F082-4458-8B58-A32A5C24BB08}.Debug|Mixed Platforms.Build.0 = Debug|Any CPU
		{84C2D2C0-F082-4458-8B58-A32A5C24BB08}.Debug|x86.ActiveCfg = Debug|Any CPU
		{84C2D2C0-F082-4458-8B58-A32A5C24BB08}.Debug|x86.Build.0 = Debug|Any CPU
		{84C2D2C0-F082-4458-8B58-A32A5C24BB08}.Debug-45|Any CPU.ActiveCfg = Debug|Any CPU
		{84C2D2C0-F082-4458-8B58-A32A5C24BB08}.Debug-45|Any CPU.Build.0 = Debug|Any CPU
		{84C2D2C0-F082-4458-8B58-A32A5C24BB08}.Debug-45|Mixed Platforms.ActiveCfg = Debug|Any CPU
		{84C2D2C0-F082-4458-8B58-A32A5C24BB08}.Debug-45|Mixed Platforms.Build.0 = Debug|Any CPU
		{84C2D2C0-F082-4458-8B58-A32A5C24BB08}.Debug-45|x86.ActiveCfg = Debug|Any CPU
		{84C2D2C0-F082-4458-8B58-A32A5C24BB08}.Debug-45|x86.Build.0 = Debug|Any CPU
		{84C2D2C0-F082-4458-8B58-A32A5C24BB08}.Release|Any CPU.ActiveCfg = Release|Any CPU
		{84C2D2C0-F082-4458-8B58-A32A5C24BB08}.Release|Any CPU.Build.0 = Release|Any CPU
		{84C2D2C0-F082-4458-8B58-A32A5C24BB08}.Release|Mixed Platforms.ActiveCfg = Release|Any CPU
		{84C2D2C0-F082-4458-8B58-A32A5C24BB08}.Release|Mixed Platforms.Build.0 = Release|Any CPU
		{84C2D2C0-F082-4458-8B58-A32A5C24BB08}.Release|x86.ActiveCfg = Release|Any CPU
		{84C2D2C0-F082-4458-8B58-A32A5C24BB08}.Release|x86.Build.0 = Release|Any CPU
		{84C2D2C0-F082-4458-8B58-A32A5C24BB08}.Release-45|Any CPU.ActiveCfg = Release|Any CPU
		{84C2D2C0-F082-4458-8B58-A32A5C24BB08}.Release-45|Any CPU.Build.0 = Release|Any CPU
		{84C2D2C0-F082-4458-8B58-A32A5C24BB08}.Release-45|Mixed Platforms.ActiveCfg = Release|Any CPU
		{84C2D2C0-F082-4458-8B58-A32A5C24BB08}.Release-45|Mixed Platforms.Build.0 = Release|Any CPU
		{84C2D2C0-F082-4458-8B58-A32A5C24BB08}.Release-45|x86.ActiveCfg = Release|Any CPU
		{84C2D2C0-F082-4458-8B58-A32A5C24BB08}.Release-45|x86.Build.0 = Release|Any CPU
		{84C2D2C0-F082-4458-8B58-A32A5C24BB08}.Staging|Any CPU.ActiveCfg = Release|Any CPU
		{84C2D2C0-F082-4458-8B58-A32A5C24BB08}.Staging|Any CPU.Build.0 = Release|Any CPU
		{84C2D2C0-F082-4458-8B58-A32A5C24BB08}.Staging|Mixed Platforms.ActiveCfg = Release|Any CPU
		{84C2D2C0-F082-4458-8B58-A32A5C24BB08}.Staging|Mixed Platforms.Build.0 = Release|Any CPU
		{84C2D2C0-F082-4458-8B58-A32A5C24BB08}.Staging|x86.ActiveCfg = Release|Any CPU
		{84C2D2C0-F082-4458-8B58-A32A5C24BB08}.Staging|x86.Build.0 = Release|Any CPU
		{56D1B15D-7D14-48F6-BB2A-2D1D877776FC}.Debug|Any CPU.ActiveCfg = Debug|Any CPU
		{56D1B15D-7D14-48F6-BB2A-2D1D877776FC}.Debug|Any CPU.Build.0 = Debug|Any CPU
		{56D1B15D-7D14-48F6-BB2A-2D1D877776FC}.Debug|Mixed Platforms.ActiveCfg = Debug|Any CPU
		{56D1B15D-7D14-48F6-BB2A-2D1D877776FC}.Debug|Mixed Platforms.Build.0 = Debug|Any CPU
		{56D1B15D-7D14-48F6-BB2A-2D1D877776FC}.Debug|x86.ActiveCfg = Debug|Any CPU
		{56D1B15D-7D14-48F6-BB2A-2D1D877776FC}.Debug|x86.Build.0 = Debug|Any CPU
		{56D1B15D-7D14-48F6-BB2A-2D1D877776FC}.Debug-45|Any CPU.ActiveCfg = Debug|Any CPU
		{56D1B15D-7D14-48F6-BB2A-2D1D877776FC}.Debug-45|Any CPU.Build.0 = Debug|Any CPU
		{56D1B15D-7D14-48F6-BB2A-2D1D877776FC}.Debug-45|Mixed Platforms.ActiveCfg = Debug|Any CPU
		{56D1B15D-7D14-48F6-BB2A-2D1D877776FC}.Debug-45|Mixed Platforms.Build.0 = Debug|Any CPU
		{56D1B15D-7D14-48F6-BB2A-2D1D877776FC}.Debug-45|x86.ActiveCfg = Debug|Any CPU
		{56D1B15D-7D14-48F6-BB2A-2D1D877776FC}.Debug-45|x86.Build.0 = Debug|Any CPU
		{56D1B15D-7D14-48F6-BB2A-2D1D877776FC}.Release|Any CPU.ActiveCfg = Release|Any CPU
		{56D1B15D-7D14-48F6-BB2A-2D1D877776FC}.Release|Any CPU.Build.0 = Release|Any CPU
		{56D1B15D-7D14-48F6-BB2A-2D1D877776FC}.Release|Mixed Platforms.ActiveCfg = Release|Any CPU
		{56D1B15D-7D14-48F6-BB2A-2D1D877776FC}.Release|Mixed Platforms.Build.0 = Release|Any CPU
		{56D1B15D-7D14-48F6-BB2A-2D1D877776FC}.Release|x86.ActiveCfg = Release|Any CPU
		{56D1B15D-7D14-48F6-BB2A-2D1D877776FC}.Release|x86.Build.0 = Release|Any CPU
		{56D1B15D-7D14-48F6-BB2A-2D1D877776FC}.Release-45|Any CPU.ActiveCfg = Release|Any CPU
		{56D1B15D-7D14-48F6-BB2A-2D1D877776FC}.Release-45|Any CPU.Build.0 = Release|Any CPU
		{56D1B15D-7D14-48F6-BB2A-2D1D877776FC}.Release-45|Mixed Platforms.ActiveCfg = Release|Any CPU
		{56D1B15D-7D14-48F6-BB2A-2D1D877776FC}.Release-45|Mixed Platforms.Build.0 = Release|Any CPU
		{56D1B15D-7D14-48F6-BB2A-2D1D877776FC}.Release-45|x86.ActiveCfg = Release|Any CPU
		{56D1B15D-7D14-48F6-BB2A-2D1D877776FC}.Release-45|x86.Build.0 = Release|Any CPU
		{56D1B15D-7D14-48F6-BB2A-2D1D877776FC}.Staging|Any CPU.ActiveCfg = Staging|Any CPU
		{56D1B15D-7D14-48F6-BB2A-2D1D877776FC}.Staging|Any CPU.Build.0 = Staging|Any CPU
		{56D1B15D-7D14-48F6-BB2A-2D1D877776FC}.Staging|Mixed Platforms.ActiveCfg = Staging|Any CPU
		{56D1B15D-7D14-48F6-BB2A-2D1D877776FC}.Staging|Mixed Platforms.Build.0 = Staging|Any CPU
		{56D1B15D-7D14-48F6-BB2A-2D1D877776FC}.Staging|x86.ActiveCfg = Staging|Any CPU
		{56D1B15D-7D14-48F6-BB2A-2D1D877776FC}.Staging|x86.Build.0 = Staging|Any CPU
		{1CD8E0E8-67D6-48C7-B136-B4B8F5B307A9}.Debug|Any CPU.ActiveCfg = Debug|Any CPU
		{1CD8E0E8-67D6-48C7-B136-B4B8F5B307A9}.Debug|Any CPU.Build.0 = Debug|Any CPU
		{1CD8E0E8-67D6-48C7-B136-B4B8F5B307A9}.Debug|Mixed Platforms.ActiveCfg = Debug|Any CPU
		{1CD8E0E8-67D6-48C7-B136-B4B8F5B307A9}.Debug|Mixed Platforms.Build.0 = Debug|Any CPU
		{1CD8E0E8-67D6-48C7-B136-B4B8F5B307A9}.Debug|x86.ActiveCfg = Debug|Any CPU
		{1CD8E0E8-67D6-48C7-B136-B4B8F5B307A9}.Debug|x86.Build.0 = Debug|Any CPU
		{1CD8E0E8-67D6-48C7-B136-B4B8F5B307A9}.Debug-45|Any CPU.ActiveCfg = Debug|Any CPU
		{1CD8E0E8-67D6-48C7-B136-B4B8F5B307A9}.Debug-45|Any CPU.Build.0 = Debug|Any CPU
		{1CD8E0E8-67D6-48C7-B136-B4B8F5B307A9}.Debug-45|Mixed Platforms.ActiveCfg = Debug|Any CPU
		{1CD8E0E8-67D6-48C7-B136-B4B8F5B307A9}.Debug-45|Mixed Platforms.Build.0 = Debug|Any CPU
		{1CD8E0E8-67D6-48C7-B136-B4B8F5B307A9}.Debug-45|x86.ActiveCfg = Debug|Any CPU
		{1CD8E0E8-67D6-48C7-B136-B4B8F5B307A9}.Debug-45|x86.Build.0 = Debug|Any CPU
		{1CD8E0E8-67D6-48C7-B136-B4B8F5B307A9}.Release|Any CPU.ActiveCfg = Release|Any CPU
		{1CD8E0E8-67D6-48C7-B136-B4B8F5B307A9}.Release|Any CPU.Build.0 = Release|Any CPU
		{1CD8E0E8-67D6-48C7-B136-B4B8F5B307A9}.Release|Mixed Platforms.ActiveCfg = Release|Any CPU
		{1CD8E0E8-67D6-48C7-B136-B4B8F5B307A9}.Release|Mixed Platforms.Build.0 = Release|Any CPU
		{1CD8E0E8-67D6-48C7-B136-B4B8F5B307A9}.Release|x86.ActiveCfg = Release|Any CPU
		{1CD8E0E8-67D6-48C7-B136-B4B8F5B307A9}.Release|x86.Build.0 = Release|Any CPU
		{1CD8E0E8-67D6-48C7-B136-B4B8F5B307A9}.Release-45|Any CPU.ActiveCfg = Release|Any CPU
		{1CD8E0E8-67D6-48C7-B136-B4B8F5B307A9}.Release-45|Any CPU.Build.0 = Release|Any CPU
		{1CD8E0E8-67D6-48C7-B136-B4B8F5B307A9}.Release-45|Mixed Platforms.ActiveCfg = Release|Any CPU
		{1CD8E0E8-67D6-48C7-B136-B4B8F5B307A9}.Release-45|Mixed Platforms.Build.0 = Release|Any CPU
		{1CD8E0E8-67D6-48C7-B136-B4B8F5B307A9}.Release-45|x86.ActiveCfg = Release|Any CPU
		{1CD8E0E8-67D6-48C7-B136-B4B8F5B307A9}.Release-45|x86.Build.0 = Release|Any CPU
		{1CD8E0E8-67D6-48C7-B136-B4B8F5B307A9}.Staging|Any CPU.ActiveCfg = Release|Any CPU
		{1CD8E0E8-67D6-48C7-B136-B4B8F5B307A9}.Staging|Any CPU.Build.0 = Release|Any CPU
		{1CD8E0E8-67D6-48C7-B136-B4B8F5B307A9}.Staging|Mixed Platforms.ActiveCfg = Release|Any CPU
		{1CD8E0E8-67D6-48C7-B136-B4B8F5B307A9}.Staging|Mixed Platforms.Build.0 = Release|Any CPU
		{1CD8E0E8-67D6-48C7-B136-B4B8F5B307A9}.Staging|x86.ActiveCfg = Release|Any CPU
		{1CD8E0E8-67D6-48C7-B136-B4B8F5B307A9}.Staging|x86.Build.0 = Release|Any CPU
		{5E839FD9-1DC9-4141-A33F-57FE5E318472}.Debug|Any CPU.ActiveCfg = Debug|Any CPU
		{5E839FD9-1DC9-4141-A33F-57FE5E318472}.Debug|Any CPU.Build.0 = Debug|Any CPU
		{5E839FD9-1DC9-4141-A33F-57FE5E318472}.Debug|Mixed Platforms.ActiveCfg = Debug|Any CPU
		{5E839FD9-1DC9-4141-A33F-57FE5E318472}.Debug|Mixed Platforms.Build.0 = Debug|Any CPU
		{5E839FD9-1DC9-4141-A33F-57FE5E318472}.Debug|x86.ActiveCfg = Debug|Any CPU
		{5E839FD9-1DC9-4141-A33F-57FE5E318472}.Debug|x86.Build.0 = Debug|Any CPU
		{5E839FD9-1DC9-4141-A33F-57FE5E318472}.Debug-45|Any CPU.ActiveCfg = Debug|Any CPU
		{5E839FD9-1DC9-4141-A33F-57FE5E318472}.Debug-45|Any CPU.Build.0 = Debug|Any CPU
		{5E839FD9-1DC9-4141-A33F-57FE5E318472}.Debug-45|Mixed Platforms.ActiveCfg = Debug|Any CPU
		{5E839FD9-1DC9-4141-A33F-57FE5E318472}.Debug-45|Mixed Platforms.Build.0 = Debug|Any CPU
		{5E839FD9-1DC9-4141-A33F-57FE5E318472}.Debug-45|x86.ActiveCfg = Debug|Any CPU
		{5E839FD9-1DC9-4141-A33F-57FE5E318472}.Debug-45|x86.Build.0 = Debug|Any CPU
		{5E839FD9-1DC9-4141-A33F-57FE5E318472}.Release|Any CPU.ActiveCfg = Release|Any CPU
		{5E839FD9-1DC9-4141-A33F-57FE5E318472}.Release|Any CPU.Build.0 = Release|Any CPU
		{5E839FD9-1DC9-4141-A33F-57FE5E318472}.Release|Mixed Platforms.ActiveCfg = Release|Any CPU
		{5E839FD9-1DC9-4141-A33F-57FE5E318472}.Release|Mixed Platforms.Build.0 = Release|Any CPU
		{5E839FD9-1DC9-4141-A33F-57FE5E318472}.Release|x86.ActiveCfg = Release|Any CPU
		{5E839FD9-1DC9-4141-A33F-57FE5E318472}.Release|x86.Build.0 = Release|Any CPU
		{5E839FD9-1DC9-4141-A33F-57FE5E318472}.Release-45|Any CPU.ActiveCfg = Release|Any CPU
		{5E839FD9-1DC9-4141-A33F-57FE5E318472}.Release-45|Any CPU.Build.0 = Release|Any CPU
		{5E839FD9-1DC9-4141-A33F-57FE5E318472}.Release-45|Mixed Platforms.ActiveCfg = Release|Any CPU
		{5E839FD9-1DC9-4141-A33F-57FE5E318472}.Release-45|Mixed Platforms.Build.0 = Release|Any CPU
		{5E839FD9-1DC9-4141-A33F-57FE5E318472}.Release-45|x86.ActiveCfg = Release|Any CPU
		{5E839FD9-1DC9-4141-A33F-57FE5E318472}.Release-45|x86.Build.0 = Release|Any CPU
		{5E839FD9-1DC9-4141-A33F-57FE5E318472}.Staging|Any CPU.ActiveCfg = Release|Any CPU
		{5E839FD9-1DC9-4141-A33F-57FE5E318472}.Staging|Any CPU.Build.0 = Release|Any CPU
		{5E839FD9-1DC9-4141-A33F-57FE5E318472}.Staging|Mixed Platforms.ActiveCfg = Release|Any CPU
		{5E839FD9-1DC9-4141-A33F-57FE5E318472}.Staging|Mixed Platforms.Build.0 = Release|Any CPU
		{5E839FD9-1DC9-4141-A33F-57FE5E318472}.Staging|x86.ActiveCfg = Release|Any CPU
		{5E839FD9-1DC9-4141-A33F-57FE5E318472}.Staging|x86.Build.0 = Release|Any CPU
		{5AFAD0F8-E3BE-4CA3-87D2-8140876481BE}.Debug|Any CPU.ActiveCfg = Debug|Any CPU
		{5AFAD0F8-E3BE-4CA3-87D2-8140876481BE}.Debug|Any CPU.Build.0 = Debug|Any CPU
		{5AFAD0F8-E3BE-4CA3-87D2-8140876481BE}.Debug|Mixed Platforms.ActiveCfg = Debug|Any CPU
		{5AFAD0F8-E3BE-4CA3-87D2-8140876481BE}.Debug|Mixed Platforms.Build.0 = Debug|Any CPU
		{5AFAD0F8-E3BE-4CA3-87D2-8140876481BE}.Debug|x86.ActiveCfg = Debug|Any CPU
		{5AFAD0F8-E3BE-4CA3-87D2-8140876481BE}.Debug|x86.Build.0 = Debug|Any CPU
		{5AFAD0F8-E3BE-4CA3-87D2-8140876481BE}.Debug-45|Any CPU.ActiveCfg = Debug|Any CPU
		{5AFAD0F8-E3BE-4CA3-87D2-8140876481BE}.Debug-45|Any CPU.Build.0 = Debug|Any CPU
		{5AFAD0F8-E3BE-4CA3-87D2-8140876481BE}.Debug-45|Mixed Platforms.ActiveCfg = Debug|Any CPU
		{5AFAD0F8-E3BE-4CA3-87D2-8140876481BE}.Debug-45|Mixed Platforms.Build.0 = Debug|Any CPU
		{5AFAD0F8-E3BE-4CA3-87D2-8140876481BE}.Debug-45|x86.ActiveCfg = Debug|Any CPU
		{5AFAD0F8-E3BE-4CA3-87D2-8140876481BE}.Debug-45|x86.Build.0 = Debug|Any CPU
		{5AFAD0F8-E3BE-4CA3-87D2-8140876481BE}.Release|Any CPU.ActiveCfg = Release|Any CPU
		{5AFAD0F8-E3BE-4CA3-87D2-8140876481BE}.Release|Any CPU.Build.0 = Release|Any CPU
		{5AFAD0F8-E3BE-4CA3-87D2-8140876481BE}.Release|Mixed Platforms.ActiveCfg = Release|Any CPU
		{5AFAD0F8-E3BE-4CA3-87D2-8140876481BE}.Release|Mixed Platforms.Build.0 = Release|Any CPU
		{5AFAD0F8-E3BE-4CA3-87D2-8140876481BE}.Release|x86.ActiveCfg = Release|Any CPU
		{5AFAD0F8-E3BE-4CA3-87D2-8140876481BE}.Release|x86.Build.0 = Release|Any CPU
		{5AFAD0F8-E3BE-4CA3-87D2-8140876481BE}.Release-45|Any CPU.ActiveCfg = Release|Any CPU
		{5AFAD0F8-E3BE-4CA3-87D2-8140876481BE}.Release-45|Any CPU.Build.0 = Release|Any CPU
		{5AFAD0F8-E3BE-4CA3-87D2-8140876481BE}.Release-45|Mixed Platforms.ActiveCfg = Release|Any CPU
		{5AFAD0F8-E3BE-4CA3-87D2-8140876481BE}.Release-45|Mixed Platforms.Build.0 = Release|Any CPU
		{5AFAD0F8-E3BE-4CA3-87D2-8140876481BE}.Release-45|x86.ActiveCfg = Release|Any CPU
		{5AFAD0F8-E3BE-4CA3-87D2-8140876481BE}.Release-45|x86.Build.0 = Release|Any CPU
		{5AFAD0F8-E3BE-4CA3-87D2-8140876481BE}.Staging|Any CPU.ActiveCfg = Release|Any CPU
		{5AFAD0F8-E3BE-4CA3-87D2-8140876481BE}.Staging|Any CPU.Build.0 = Release|Any CPU
		{5AFAD0F8-E3BE-4CA3-87D2-8140876481BE}.Staging|Mixed Platforms.ActiveCfg = Release|Any CPU
		{5AFAD0F8-E3BE-4CA3-87D2-8140876481BE}.Staging|Mixed Platforms.Build.0 = Release|Any CPU
		{5AFAD0F8-E3BE-4CA3-87D2-8140876481BE}.Staging|x86.ActiveCfg = Release|Any CPU
		{5AFAD0F8-E3BE-4CA3-87D2-8140876481BE}.Staging|x86.Build.0 = Release|Any CPU
		{CEAF8300-81FB-4CE2-98C7-4377C72C8A7B}.Debug|Any CPU.ActiveCfg = Debug|Any CPU
		{CEAF8300-81FB-4CE2-98C7-4377C72C8A7B}.Debug|Any CPU.Build.0 = Debug|Any CPU
		{CEAF8300-81FB-4CE2-98C7-4377C72C8A7B}.Debug|Mixed Platforms.ActiveCfg = Debug|Any CPU
		{CEAF8300-81FB-4CE2-98C7-4377C72C8A7B}.Debug|Mixed Platforms.Build.0 = Debug|Any CPU
		{CEAF8300-81FB-4CE2-98C7-4377C72C8A7B}.Debug|x86.ActiveCfg = Debug|Any CPU
		{CEAF8300-81FB-4CE2-98C7-4377C72C8A7B}.Debug|x86.Build.0 = Debug|Any CPU
		{CEAF8300-81FB-4CE2-98C7-4377C72C8A7B}.Debug-45|Any CPU.ActiveCfg = Debug|Any CPU
		{CEAF8300-81FB-4CE2-98C7-4377C72C8A7B}.Debug-45|Any CPU.Build.0 = Debug|Any CPU
		{CEAF8300-81FB-4CE2-98C7-4377C72C8A7B}.Debug-45|Mixed Platforms.ActiveCfg = Debug|Any CPU
		{CEAF8300-81FB-4CE2-98C7-4377C72C8A7B}.Debug-45|Mixed Platforms.Build.0 = Debug|Any CPU
		{CEAF8300-81FB-4CE2-98C7-4377C72C8A7B}.Debug-45|x86.ActiveCfg = Debug|Any CPU
		{CEAF8300-81FB-4CE2-98C7-4377C72C8A7B}.Debug-45|x86.Build.0 = Debug|Any CPU
		{CEAF8300-81FB-4CE2-98C7-4377C72C8A7B}.Release|Any CPU.ActiveCfg = Release|Any CPU
		{CEAF8300-81FB-4CE2-98C7-4377C72C8A7B}.Release|Any CPU.Build.0 = Release|Any CPU
		{CEAF8300-81FB-4CE2-98C7-4377C72C8A7B}.Release|Mixed Platforms.ActiveCfg = Release|Any CPU
		{CEAF8300-81FB-4CE2-98C7-4377C72C8A7B}.Release|Mixed Platforms.Build.0 = Release|Any CPU
		{CEAF8300-81FB-4CE2-98C7-4377C72C8A7B}.Release|x86.ActiveCfg = Release|Any CPU
		{CEAF8300-81FB-4CE2-98C7-4377C72C8A7B}.Release|x86.Build.0 = Release|Any CPU
		{CEAF8300-81FB-4CE2-98C7-4377C72C8A7B}.Release-45|Any CPU.ActiveCfg = Release|Any CPU
		{CEAF8300-81FB-4CE2-98C7-4377C72C8A7B}.Release-45|Any CPU.Build.0 = Release|Any CPU
		{CEAF8300-81FB-4CE2-98C7-4377C72C8A7B}.Release-45|Mixed Platforms.ActiveCfg = Release|Any CPU
		{CEAF8300-81FB-4CE2-98C7-4377C72C8A7B}.Release-45|Mixed Platforms.Build.0 = Release|Any CPU
		{CEAF8300-81FB-4CE2-98C7-4377C72C8A7B}.Release-45|x86.ActiveCfg = Release|Any CPU
		{CEAF8300-81FB-4CE2-98C7-4377C72C8A7B}.Release-45|x86.Build.0 = Release|Any CPU
		{CEAF8300-81FB-4CE2-98C7-4377C72C8A7B}.Staging|Any CPU.ActiveCfg = Release|Any CPU
		{CEAF8300-81FB-4CE2-98C7-4377C72C8A7B}.Staging|Any CPU.Build.0 = Release|Any CPU
		{CEAF8300-81FB-4CE2-98C7-4377C72C8A7B}.Staging|Mixed Platforms.ActiveCfg = Release|Any CPU
		{CEAF8300-81FB-4CE2-98C7-4377C72C8A7B}.Staging|Mixed Platforms.Build.0 = Release|Any CPU
		{CEAF8300-81FB-4CE2-98C7-4377C72C8A7B}.Staging|x86.ActiveCfg = Release|Any CPU
		{CEAF8300-81FB-4CE2-98C7-4377C72C8A7B}.Staging|x86.Build.0 = Release|Any CPU
	EndGlobalSection
	GlobalSection(SolutionProperties) = preSolution
		HideSolutionNode = FALSE
	EndGlobalSection
	GlobalSection(NestedProjects) = preSolution
		{2D1B628B-CE24-4637-97E5-ED29B9C64521} = {809D7745-9925-4CF0-8659-9DFAC98FB726}
		{A51B79AF-1D29-4D24-A291-D8AAB94D8DBB} = {1E087987-4C40-4DD2-8F3C-CDB0498CBA08}
		{15C74D9A-4FBE-49C2-B989-6F110B77FB0C} = {39FD3A32-7AA3-4716-B612-ED6B71FC4605}
		{56D1B15D-7D14-48F6-BB2A-2D1D877776FC} = {809D7745-9925-4CF0-8659-9DFAC98FB726}
	EndGlobalSection
	GlobalSection(TestCaseManagementSettings) = postSolution
		CategoryFile = mPower.Accounting1.vsmdi
	EndGlobalSection
EndGlobal
